// !$*UTF8*$!
{
	archiveVersion = 1;
	classes = {
	};
	objectVersion = 46;
	objects = {

/* Begin PBXBuildFile section */
		A81D0F4119FEB1C8003E2B28 /* AppDelegate.swift in Sources */ = {isa = PBXBuildFile; fileRef = A81D0F4019FEB1C8003E2B28 /* AppDelegate.swift */; };
		A81D0F4419FEB1C8003E2B28 /* FlyFishJournal.xcdatamodeld in Sources */ = {isa = PBXBuildFile; fileRef = A81D0F4219FEB1C8003E2B28 /* FlyFishJournal.xcdatamodeld */; };
		A81D0F4619FEB1C8003E2B28 /* MasterViewController.swift in Sources */ = {isa = PBXBuildFile; fileRef = A81D0F4519FEB1C8003E2B28 /* MasterViewController.swift */; };
		A81D0F4819FEB1C8003E2B28 /* DetailViewController.swift in Sources */ = {isa = PBXBuildFile; fileRef = A81D0F4719FEB1C8003E2B28 /* DetailViewController.swift */; };
		A81D0F4B19FEB1C8003E2B28 /* Main.storyboard in Resources */ = {isa = PBXBuildFile; fileRef = A81D0F4919FEB1C8003E2B28 /* Main.storyboard */; };
		A81D0F4D19FEB1C8003E2B28 /* Images.xcassets in Resources */ = {isa = PBXBuildFile; fileRef = A81D0F4C19FEB1C8003E2B28 /* Images.xcassets */; };
		A81D0F5019FEB1C8003E2B28 /* LaunchScreen.xib in Resources */ = {isa = PBXBuildFile; fileRef = A81D0F4E19FEB1C8003E2B28 /* LaunchScreen.xib */; };
		A81D0F5C19FEB1C8003E2B28 /* FlyFishJournalTests.swift in Sources */ = {isa = PBXBuildFile; fileRef = A81D0F5B19FEB1C8003E2B28 /* FlyFishJournalTests.swift */; };
		A81D0F6719FEC0D5003E2B28 /* ABHEntry.swift in Sources */ = {isa = PBXBuildFile; fileRef = A81D0F6619FEC0D5003E2B28 /* ABHEntry.swift */; };
		A81D0F6819FEC0D5003E2B28 /* ABHEntry.swift in Sources */ = {isa = PBXBuildFile; fileRef = A81D0F6619FEC0D5003E2B28 /* ABHEntry.swift */; };
		A81D0F6A19FEF099003E2B28 /* ABHManagedObjectContext.swift in Sources */ = {isa = PBXBuildFile; fileRef = A81D0F6919FEF099003E2B28 /* ABHManagedObjectContext.swift */; };
		A81D0F6C19FF151A003E2B28 /* ABHManagedObject.swift in Sources */ = {isa = PBXBuildFile; fileRef = A81D0F6B19FF151A003E2B28 /* ABHManagedObject.swift */; };
		A81D0F6D19FF1EEE003E2B28 /* ABHManagedObject.swift in Sources */ = {isa = PBXBuildFile; fileRef = A81D0F6B19FF151A003E2B28 /* ABHManagedObject.swift */; };
		A8D50C181A0ED7B5005D7E2E /* main.swift in Sources */ = {isa = PBXBuildFile; fileRef = A8D50C171A0ED7B5005D7E2E /* main.swift */; };
		A8D50C1C1A0ED7F1005D7E2E /* ABHManagedObjectContext.swift in Sources */ = {isa = PBXBuildFile; fileRef = A81D0F6919FEF099003E2B28 /* ABHManagedObjectContext.swift */; };
		A8D50C1D1A0ED7F1005D7E2E /* ABHManagedObject.swift in Sources */ = {isa = PBXBuildFile; fileRef = A81D0F6B19FF151A003E2B28 /* ABHManagedObject.swift */; };
		A8D50C1E1A0ED7F1005D7E2E /* ABHEntry.swift in Sources */ = {isa = PBXBuildFile; fileRef = A81D0F6619FEC0D5003E2B28 /* ABHEntry.swift */; };
		A8D50C1F1A0ED7F1005D7E2E /* FlyFishJournal.xcdatamodeld in Sources */ = {isa = PBXBuildFile; fileRef = A81D0F4219FEB1C8003E2B28 /* FlyFishJournal.xcdatamodeld */; };
		A8D50C211A0ED818005D7E2E /* ABHParser.swift in Sources */ = {isa = PBXBuildFile; fileRef = A8D50C201A0ED818005D7E2E /* ABHParser.swift */; };
		A8D50C221A0ED818005D7E2E /* ABHParser.swift in Sources */ = {isa = PBXBuildFile; fileRef = A8D50C201A0ED818005D7E2E /* ABHParser.swift */; };
		A8D50C231A0ED818005D7E2E /* ABHParser.swift in Sources */ = {isa = PBXBuildFile; fileRef = A8D50C201A0ED818005D7E2E /* ABHParser.swift */; };
/* End PBXBuildFile section */

/* Begin PBXContainerItemProxy section */
		A81D0F5619FEB1C8003E2B28 /* PBXContainerItemProxy */ = {
			isa = PBXContainerItemProxy;
			containerPortal = A81D0F3319FEB1C8003E2B28 /* Project object */;
			proxyType = 1;
			remoteGlobalIDString = A81D0F3A19FEB1C8003E2B28;
			remoteInfo = FlyFishJournal;
		};
/* End PBXContainerItemProxy section */

/* Begin PBXCopyFilesBuildPhase section */
		A8D50C131A0ED7B5005D7E2E /* CopyFiles */ = {
			isa = PBXCopyFilesBuildPhase;
			buildActionMask = 2147483647;
			dstPath = /usr/share/man/man1/;
			dstSubfolderSpec = 0;
			files = (
			);
			runOnlyForDeploymentPostprocessing = 1;
		};
/* End PBXCopyFilesBuildPhase section */

/* Begin PBXFileReference section */
		A81D0F3B19FEB1C8003E2B28 /* FlyFishJournal.app */ = {isa = PBXFileReference; explicitFileType = wrapper.application; includeInIndex = 0; path = FlyFishJournal.app; sourceTree = BUILT_PRODUCTS_DIR; };
		A81D0F3F19FEB1C8003E2B28 /* Info.plist */ = {isa = PBXFileReference; lastKnownFileType = text.plist.xml; path = Info.plist; sourceTree = "<group>"; };
		A81D0F4019FEB1C8003E2B28 /* AppDelegate.swift */ = {isa = PBXFileReference; lastKnownFileType = sourcecode.swift; path = AppDelegate.swift; sourceTree = "<group>"; };
		A81D0F4319FEB1C8003E2B28 /* FlyFishJournal.xcdatamodel */ = {isa = PBXFileReference; lastKnownFileType = wrapper.xcdatamodel; path = FlyFishJournal.xcdatamodel; sourceTree = "<group>"; };
		A81D0F4519FEB1C8003E2B28 /* MasterViewController.swift */ = {isa = PBXFileReference; lastKnownFileType = sourcecode.swift; path = MasterViewController.swift; sourceTree = "<group>"; };
		A81D0F4719FEB1C8003E2B28 /* DetailViewController.swift */ = {isa = PBXFileReference; lastKnownFileType = sourcecode.swift; path = DetailViewController.swift; sourceTree = "<group>"; };
		A81D0F4A19FEB1C8003E2B28 /* Base */ = {isa = PBXFileReference; lastKnownFileType = file.storyboard; name = Base; path = Base.lproj/Main.storyboard; sourceTree = "<group>"; };
		A81D0F4C19FEB1C8003E2B28 /* Images.xcassets */ = {isa = PBXFileReference; lastKnownFileType = folder.assetcatalog; path = Images.xcassets; sourceTree = "<group>"; };
		A81D0F4F19FEB1C8003E2B28 /* Base */ = {isa = PBXFileReference; lastKnownFileType = file.xib; name = Base; path = Base.lproj/LaunchScreen.xib; sourceTree = "<group>"; };
		A81D0F5519FEB1C8003E2B28 /* FlyFishJournalTests.xctest */ = {isa = PBXFileReference; explicitFileType = wrapper.cfbundle; includeInIndex = 0; path = FlyFishJournalTests.xctest; sourceTree = BUILT_PRODUCTS_DIR; };
		A81D0F5A19FEB1C8003E2B28 /* Info.plist */ = {isa = PBXFileReference; lastKnownFileType = text.plist.xml; path = Info.plist; sourceTree = "<group>"; };
		A81D0F5B19FEB1C8003E2B28 /* FlyFishJournalTests.swift */ = {isa = PBXFileReference; lastKnownFileType = sourcecode.swift; path = FlyFishJournalTests.swift; sourceTree = "<group>"; };
		A81D0F6619FEC0D5003E2B28 /* ABHEntry.swift */ = {isa = PBXFileReference; fileEncoding = 4; lastKnownFileType = sourcecode.swift; name = ABHEntry.swift; path = NSManagedObjects/ABHEntry.swift; sourceTree = "<group>"; };
		A81D0F6919FEF099003E2B28 /* ABHManagedObjectContext.swift */ = {isa = PBXFileReference; fileEncoding = 4; lastKnownFileType = sourcecode.swift; name = ABHManagedObjectContext.swift; path = NSManagedObjects/ABHManagedObjectContext.swift; sourceTree = "<group>"; };
		A81D0F6B19FF151A003E2B28 /* ABHManagedObject.swift */ = {isa = PBXFileReference; fileEncoding = 4; lastKnownFileType = sourcecode.swift; name = ABHManagedObject.swift; path = NSManagedObjects/ABHManagedObject.swift; sourceTree = "<group>"; };
		A81D0F6E19FF53D1003E2B28 /* FlyFishJournalv2.xcdatamodel */ = {isa = PBXFileReference; lastKnownFileType = wrapper.xcdatamodel; path = FlyFishJournalv2.xcdatamodel; sourceTree = "<group>"; };
		A8D50C151A0ED7B5005D7E2E /* populateDB */ = {isa = PBXFileReference; explicitFileType = "compiled.mach-o.executable"; includeInIndex = 0; path = populateDB; sourceTree = BUILT_PRODUCTS_DIR; };
		A8D50C171A0ED7B5005D7E2E /* main.swift */ = {isa = PBXFileReference; lastKnownFileType = sourcecode.swift; path = main.swift; sourceTree = "<group>"; };
		A8D50C201A0ED818005D7E2E /* ABHParser.swift */ = {isa = PBXFileReference; fileEncoding = 4; lastKnownFileType = sourcecode.swift; path = ABHParser.swift; sourceTree = "<group>"; };
/* End PBXFileReference section */

/* Begin PBXFrameworksBuildPhase section */
		A81D0F3819FEB1C8003E2B28 /* Frameworks */ = {
			isa = PBXFrameworksBuildPhase;
			buildActionMask = 2147483647;
			files = (
			);
			runOnlyForDeploymentPostprocessing = 0;
		};
		A81D0F5219FEB1C8003E2B28 /* Frameworks */ = {
			isa = PBXFrameworksBuildPhase;
			buildActionMask = 2147483647;
			files = (
			);
			runOnlyForDeploymentPostprocessing = 0;
		};
		A8D50C121A0ED7B5005D7E2E /* Frameworks */ = {
			isa = PBXFrameworksBuildPhase;
			buildActionMask = 2147483647;
			files = (
			);
			runOnlyForDeploymentPostprocessing = 0;
		};
/* End PBXFrameworksBuildPhase section */

/* Begin PBXGroup section */
		A81D0F3219FEB1C8003E2B28 = {
			isa = PBXGroup;
			children = (
				A8D50C161A0ED7B5005D7E2E /* populateDB */,
				A81D0F3D19FEB1C8003E2B28 /* FlyFishJournal */,
				A81D0F5819FEB1C8003E2B28 /* FlyFishJournalTests */,
				A81D0F3C19FEB1C8003E2B28 /* Products */,
			);
			sourceTree = "<group>";
		};
		A81D0F3C19FEB1C8003E2B28 /* Products */ = {
			isa = PBXGroup;
			children = (
				A81D0F3B19FEB1C8003E2B28 /* FlyFishJournal.app */,
				A81D0F5519FEB1C8003E2B28 /* FlyFishJournalTests.xctest */,
				A8D50C151A0ED7B5005D7E2E /* populateDB */,
			);
			name = Products;
			sourceTree = "<group>";
		};
		A81D0F3D19FEB1C8003E2B28 /* FlyFishJournal */ = {
			isa = PBXGroup;
			children = (
				A81D0F6519FEC09F003E2B28 /* NSManagedObjects */,
				A81D0F4019FEB1C8003E2B28 /* AppDelegate.swift */,
				A81D0F4519FEB1C8003E2B28 /* MasterViewController.swift */,
				A81D0F4719FEB1C8003E2B28 /* DetailViewController.swift */,
				A81D0F4919FEB1C8003E2B28 /* Main.storyboard */,
				A81D0F4C19FEB1C8003E2B28 /* Images.xcassets */,
				A81D0F4E19FEB1C8003E2B28 /* LaunchScreen.xib */,
				A81D0F4219FEB1C8003E2B28 /* FlyFishJournal.xcdatamodeld */,
				A81D0F3E19FEB1C8003E2B28 /* Supporting Files */,
			);
			path = FlyFishJournal;
			sourceTree = "<group>";
		};
		A81D0F3E19FEB1C8003E2B28 /* Supporting Files */ = {
			isa = PBXGroup;
			children = (
				A81D0F3F19FEB1C8003E2B28 /* Info.plist */,
			);
			name = "Supporting Files";
			sourceTree = "<group>";
		};
		A81D0F5819FEB1C8003E2B28 /* FlyFishJournalTests */ = {
			isa = PBXGroup;
			children = (
				A81D0F5B19FEB1C8003E2B28 /* FlyFishJournalTests.swift */,
				A81D0F5919FEB1C8003E2B28 /* Supporting Files */,
			);
			path = FlyFishJournalTests;
			sourceTree = "<group>";
		};
		A81D0F5919FEB1C8003E2B28 /* Supporting Files */ = {
			isa = PBXGroup;
			children = (
				A81D0F5A19FEB1C8003E2B28 /* Info.plist */,
			);
			name = "Supporting Files";
			sourceTree = "<group>";
		};
		A81D0F6519FEC09F003E2B28 /* NSManagedObjects */ = {
			isa = PBXGroup;
			children = (
				A8D50C201A0ED818005D7E2E /* ABHParser.swift */,
				A81D0F6919FEF099003E2B28 /* ABHManagedObjectContext.swift */,
				A81D0F6B19FF151A003E2B28 /* ABHManagedObject.swift */,
				A81D0F6619FEC0D5003E2B28 /* ABHEntry.swift */,
			);
			name = NSManagedObjects;
			sourceTree = "<group>";
		};
		A8D50C161A0ED7B5005D7E2E /* populateDB */ = {
			isa = PBXGroup;
			children = (
				A8D50C171A0ED7B5005D7E2E /* main.swift */,
			);
			path = populateDB;
			sourceTree = "<group>";
		};
/* End PBXGroup section */

/* Begin PBXNativeTarget section */
		A81D0F3A19FEB1C8003E2B28 /* FlyFishJournal */ = {
			isa = PBXNativeTarget;
			buildConfigurationList = A81D0F5F19FEB1C8003E2B28 /* Build configuration list for PBXNativeTarget "FlyFishJournal" */;
			buildPhases = (
				A81D0F3719FEB1C8003E2B28 /* Sources */,
				A81D0F3819FEB1C8003E2B28 /* Frameworks */,
				A81D0F3919FEB1C8003E2B28 /* Resources */,
			);
			buildRules = (
			);
			dependencies = (
			);
			name = FlyFishJournal;
			productName = FlyFishJournal;
			productReference = A81D0F3B19FEB1C8003E2B28 /* FlyFishJournal.app */;
			productType = "com.apple.product-type.application";
		};
		A81D0F5419FEB1C8003E2B28 /* FlyFishJournalTests */ = {
			isa = PBXNativeTarget;
			buildConfigurationList = A81D0F6219FEB1C8003E2B28 /* Build configuration list for PBXNativeTarget "FlyFishJournalTests" */;
			buildPhases = (
				A81D0F5119FEB1C8003E2B28 /* Sources */,
				A81D0F5219FEB1C8003E2B28 /* Frameworks */,
				A81D0F5319FEB1C8003E2B28 /* Resources */,
			);
			buildRules = (
			);
			dependencies = (
				A81D0F5719FEB1C8003E2B28 /* PBXTargetDependency */,
			);
			name = FlyFishJournalTests;
			productName = FlyFishJournalTests;
			productReference = A81D0F5519FEB1C8003E2B28 /* FlyFishJournalTests.xctest */;
			productType = "com.apple.product-type.bundle.unit-test";
		};
		A8D50C141A0ED7B5005D7E2E /* populateDB */ = {
			isa = PBXNativeTarget;
			buildConfigurationList = A8D50C1B1A0ED7B5005D7E2E /* Build configuration list for PBXNativeTarget "populateDB" */;
			buildPhases = (
				A8D50C111A0ED7B5005D7E2E /* Sources */,
				A8D50C121A0ED7B5005D7E2E /* Frameworks */,
				A8D50C131A0ED7B5005D7E2E /* CopyFiles */,
			);
			buildRules = (
			);
			dependencies = (
			);
			name = populateDB;
			productName = populateDB;
			productReference = A8D50C151A0ED7B5005D7E2E /* populateDB */;
			productType = "com.apple.product-type.tool";
		};
/* End PBXNativeTarget section */

/* Begin PBXProject section */
		A81D0F3319FEB1C8003E2B28 /* Project object */ = {
			isa = PBXProject;
			attributes = {
				LastUpgradeCheck = 0610;
				ORGANIZATIONNAME = "a. brooks hollar";
				TargetAttributes = {
					A81D0F3A19FEB1C8003E2B28 = {
						CreatedOnToolsVersion = 6.1;
					};
					A81D0F5419FEB1C8003E2B28 = {
						CreatedOnToolsVersion = 6.1;
						TestTargetID = A81D0F3A19FEB1C8003E2B28;
					};
					A8D50C141A0ED7B5005D7E2E = {
						CreatedOnToolsVersion = 6.1;
					};
				};
			};
			buildConfigurationList = A81D0F3619FEB1C8003E2B28 /* Build configuration list for PBXProject "FlyFishJournal" */;
			compatibilityVersion = "Xcode 3.2";
			developmentRegion = English;
			hasScannedForEncodings = 0;
			knownRegions = (
				en,
				Base,
			);
			mainGroup = A81D0F3219FEB1C8003E2B28;
			productRefGroup = A81D0F3C19FEB1C8003E2B28 /* Products */;
			projectDirPath = "";
			projectRoot = "";
			targets = (
				A81D0F3A19FEB1C8003E2B28 /* FlyFishJournal */,
				A81D0F5419FEB1C8003E2B28 /* FlyFishJournalTests */,
				A8D50C141A0ED7B5005D7E2E /* populateDB */,
			);
		};
/* End PBXProject section */

/* Begin PBXResourcesBuildPhase section */
		A81D0F3919FEB1C8003E2B28 /* Resources */ = {
			isa = PBXResourcesBuildPhase;
			buildActionMask = 2147483647;
			files = (
				A81D0F4B19FEB1C8003E2B28 /* Main.storyboard in Resources */,
				A81D0F5019FEB1C8003E2B28 /* LaunchScreen.xib in Resources */,
				A81D0F4D19FEB1C8003E2B28 /* Images.xcassets in Resources */,
			);
			runOnlyForDeploymentPostprocessing = 0;
		};
		A81D0F5319FEB1C8003E2B28 /* Resources */ = {
			isa = PBXResourcesBuildPhase;
			buildActionMask = 2147483647;
			files = (
			);
			runOnlyForDeploymentPostprocessing = 0;
		};
/* End PBXResourcesBuildPhase section */

/* Begin PBXSourcesBuildPhase section */
		A81D0F3719FEB1C8003E2B28 /* Sources */ = {
			isa = PBXSourcesBuildPhase;
			buildActionMask = 2147483647;
			files = (
				A81D0F6719FEC0D5003E2B28 /* ABHEntry.swift in Sources */,
				A81D0F4119FEB1C8003E2B28 /* AppDelegate.swift in Sources */,
				A8D50C211A0ED818005D7E2E /* ABHParser.swift in Sources */,
				A81D0F6A19FEF099003E2B28 /* ABHManagedObjectContext.swift in Sources */,
				A81D0F6C19FF151A003E2B28 /* ABHManagedObject.swift in Sources */,
				A81D0F4419FEB1C8003E2B28 /* FlyFishJournal.xcdatamodeld in Sources */,
				A81D0F4619FEB1C8003E2B28 /* MasterViewController.swift in Sources */,
				A81D0F4819FEB1C8003E2B28 /* DetailViewController.swift in Sources */,
			);
			runOnlyForDeploymentPostprocessing = 0;
		};
		A81D0F5119FEB1C8003E2B28 /* Sources */ = {
			isa = PBXSourcesBuildPhase;
			buildActionMask = 2147483647;
			files = (
				A81D0F6819FEC0D5003E2B28 /* ABHEntry.swift in Sources */,
				A81D0F5C19FEB1C8003E2B28 /* FlyFishJournalTests.swift in Sources */,
				A8D50C221A0ED818005D7E2E /* ABHParser.swift in Sources */,
				A81D0F6D19FF1EEE003E2B28 /* ABHManagedObject.swift in Sources */,
			);
			runOnlyForDeploymentPostprocessing = 0;
		};
		A8D50C111A0ED7B5005D7E2E /* Sources */ = {
			isa = PBXSourcesBuildPhase;
			buildActionMask = 2147483647;
			files = (
				A8D50C1C1A0ED7F1005D7E2E /* ABHManagedObjectContext.swift in Sources */,
				A8D50C1D1A0ED7F1005D7E2E /* ABHManagedObject.swift in Sources */,
				A8D50C231A0ED818005D7E2E /* ABHParser.swift in Sources */,
				A8D50C1E1A0ED7F1005D7E2E /* ABHEntry.swift in Sources */,
				A8D50C1F1A0ED7F1005D7E2E /* FlyFishJournal.xcdatamodeld in Sources */,
				A8D50C181A0ED7B5005D7E2E /* main.swift in Sources */,
			);
			runOnlyForDeploymentPostprocessing = 0;
		};
/* End PBXSourcesBuildPhase section */

/* Begin PBXTargetDependency section */
		A81D0F5719FEB1C8003E2B28 /* PBXTargetDependency */ = {
			isa = PBXTargetDependency;
			target = A81D0F3A19FEB1C8003E2B28 /* FlyFishJournal */;
			targetProxy = A81D0F5619FEB1C8003E2B28 /* PBXContainerItemProxy */;
		};
/* End PBXTargetDependency section */

/* Begin PBXVariantGroup section */
		A81D0F4919FEB1C8003E2B28 /* Main.storyboard */ = {
			isa = PBXVariantGroup;
			children = (
				A81D0F4A19FEB1C8003E2B28 /* Base */,
			);
			name = Main.storyboard;
			sourceTree = "<group>";
		};
		A81D0F4E19FEB1C8003E2B28 /* LaunchScreen.xib */ = {
			isa = PBXVariantGroup;
			children = (
				A81D0F4F19FEB1C8003E2B28 /* Base */,
			);
			name = LaunchScreen.xib;
			sourceTree = "<group>";
		};
/* End PBXVariantGroup section */

/* Begin XCBuildConfiguration section */
		A81D0F5D19FEB1C8003E2B28 /* Debug */ = {
			isa = XCBuildConfiguration;
			buildSettings = {
				ALWAYS_SEARCH_USER_PATHS = NO;
				CLANG_CXX_LANGUAGE_STANDARD = "gnu++0x";
				CLANG_CXX_LIBRARY = "libc++";
				CLANG_ENABLE_MODULES = YES;
				CLANG_ENABLE_OBJC_ARC = YES;
				CLANG_WARN_BOOL_CONVERSION = YES;
				CLANG_WARN_CONSTANT_CONVERSION = YES;
				CLANG_WARN_DIRECT_OBJC_ISA_USAGE = YES_ERROR;
				CLANG_WARN_EMPTY_BODY = YES;
				CLANG_WARN_ENUM_CONVERSION = YES;
				CLANG_WARN_INT_CONVERSION = YES;
				CLANG_WARN_OBJC_ROOT_CLASS = YES_ERROR;
				CLANG_WARN_UNREACHABLE_CODE = YES;
				CLANG_WARN__DUPLICATE_METHOD_MATCH = YES;
				"CODE_SIGN_IDENTITY[sdk=iphoneos*]" = "iPhone Developer";
				COPY_PHASE_STRIP = NO;
				ENABLE_STRICT_OBJC_MSGSEND = YES;
				GCC_C_LANGUAGE_STANDARD = gnu99;
				GCC_DYNAMIC_NO_PIC = NO;
				GCC_OPTIMIZATION_LEVEL = 0;
				GCC_PREPROCESSOR_DEFINITIONS = (
					"DEBUG=1",
					"$(inherited)",
				);
				GCC_SYMBOLS_PRIVATE_EXTERN = NO;
				GCC_WARN_64_TO_32_BIT_CONVERSION = YES;
				GCC_WARN_ABOUT_RETURN_TYPE = YES_ERROR;
				GCC_WARN_UNDECLARED_SELECTOR = YES;
				GCC_WARN_UNINITIALIZED_AUTOS = YES_AGGRESSIVE;
				GCC_WARN_UNUSED_FUNCTION = YES;
				GCC_WARN_UNUSED_VARIABLE = YES;
				IPHONEOS_DEPLOYMENT_TARGET = 8.1;
				MTL_ENABLE_DEBUG_INFO = YES;
				ONLY_ACTIVE_ARCH = YES;
				SDKROOT = iphoneos;
				SWIFT_OPTIMIZATION_LEVEL = "-Onone";
			};
			name = Debug;
		};
		A81D0F5E19FEB1C8003E2B28 /* Release */ = {
			isa = XCBuildConfiguration;
			buildSettings = {
				ALWAYS_SEARCH_USER_PATHS = NO;
				CLANG_CXX_LANGUAGE_STANDARD = "gnu++0x";
				CLANG_CXX_LIBRARY = "libc++";
				CLANG_ENABLE_MODULES = YES;
				CLANG_ENABLE_OBJC_ARC = YES;
				CLANG_WARN_BOOL_CONVERSION = YES;
				CLANG_WARN_CONSTANT_CONVERSION = YES;
				CLANG_WARN_DIRECT_OBJC_ISA_USAGE = YES_ERROR;
				CLANG_WARN_EMPTY_BODY = YES;
				CLANG_WARN_ENUM_CONVERSION = YES;
				CLANG_WARN_INT_CONVERSION = YES;
				CLANG_WARN_OBJC_ROOT_CLASS = YES_ERROR;
				CLANG_WARN_UNREACHABLE_CODE = YES;
				CLANG_WARN__DUPLICATE_METHOD_MATCH = YES;
				"CODE_SIGN_IDENTITY[sdk=iphoneos*]" = "iPhone Developer";
				COPY_PHASE_STRIP = YES;
				ENABLE_NS_ASSERTIONS = NO;
				ENABLE_STRICT_OBJC_MSGSEND = YES;
				GCC_C_LANGUAGE_STANDARD = gnu99;
				GCC_WARN_64_TO_32_BIT_CONVERSION = YES;
				GCC_WARN_ABOUT_RETURN_TYPE = YES_ERROR;
				GCC_WARN_UNDECLARED_SELECTOR = YES;
				GCC_WARN_UNINITIALIZED_AUTOS = YES_AGGRESSIVE;
				GCC_WARN_UNUSED_FUNCTION = YES;
				GCC_WARN_UNUSED_VARIABLE = YES;
				IPHONEOS_DEPLOYMENT_TARGET = 8.1;
				MTL_ENABLE_DEBUG_INFO = NO;
				SDKROOT = iphoneos;
				VALIDATE_PRODUCT = YES;
			};
			name = Release;
		};
		A81D0F6019FEB1C8003E2B28 /* Debug */ = {
			isa = XCBuildConfiguration;
			buildSettings = {
				ASSETCATALOG_COMPILER_APPICON_NAME = AppIcon;
				INFOPLIST_FILE = FlyFishJournal/Info.plist;
				LD_RUNPATH_SEARCH_PATHS = "$(inherited) @executable_path/Frameworks";
				PRODUCT_NAME = "$(TARGET_NAME)";
			};
			name = Debug;
		};
		A81D0F6119FEB1C8003E2B28 /* Release */ = {
			isa = XCBuildConfiguration;
			buildSettings = {
				ASSETCATALOG_COMPILER_APPICON_NAME = AppIcon;
				INFOPLIST_FILE = FlyFishJournal/Info.plist;
				LD_RUNPATH_SEARCH_PATHS = "$(inherited) @executable_path/Frameworks";
				PRODUCT_NAME = "$(TARGET_NAME)";
			};
			name = Release;
		};
		A81D0F6319FEB1C8003E2B28 /* Debug */ = {
			isa = XCBuildConfiguration;
			buildSettings = {
				BUNDLE_LOADER = "$(TEST_HOST)";
				FRAMEWORK_SEARCH_PATHS = (
					"$(SDKROOT)/Developer/Library/Frameworks",
					"$(inherited)",
				);
				GCC_PREPROCESSOR_DEFINITIONS = (
					"DEBUG=1",
					"$(inherited)",
				);
				INFOPLIST_FILE = FlyFishJournalTests/Info.plist;
				LD_RUNPATH_SEARCH_PATHS = "$(inherited) @executable_path/Frameworks @loader_path/Frameworks";
				PRODUCT_NAME = "$(TARGET_NAME)";
				TEST_HOST = "$(BUILT_PRODUCTS_DIR)/FlyFishJournal.app/FlyFishJournal";
			};
			name = Debug;
		};
		A81D0F6419FEB1C8003E2B28 /* Release */ = {
			isa = XCBuildConfiguration;
			buildSettings = {
				BUNDLE_LOADER = "$(TEST_HOST)";
				FRAMEWORK_SEARCH_PATHS = (
					"$(SDKROOT)/Developer/Library/Frameworks",
					"$(inherited)",
				);
				INFOPLIST_FILE = FlyFishJournalTests/Info.plist;
				LD_RUNPATH_SEARCH_PATHS = "$(inherited) @executable_path/Frameworks @loader_path/Frameworks";
				PRODUCT_NAME = "$(TARGET_NAME)";
				TEST_HOST = "$(BUILT_PRODUCTS_DIR)/FlyFishJournal.app/FlyFishJournal";
			};
			name = Release;
		};
		A8D50C191A0ED7B5005D7E2E /* Debug */ = {
			isa = XCBuildConfiguration;
			buildSettings = {
				GCC_PREPROCESSOR_DEFINITIONS = (
					"DEBUG=1",
					"$(inherited)",
				);
				MACOSX_DEPLOYMENT_TARGET = 10.10;
				PRODUCT_NAME = "$(TARGET_NAME)";
				SDKROOT = macosx;
			};
			name = Debug;
		};
		A8D50C1A1A0ED7B5005D7E2E /* Release */ = {
			isa = XCBuildConfiguration;
			buildSettings = {
				DEBUG_INFORMATION_FORMAT = "dwarf-with-dsym";
				MACOSX_DEPLOYMENT_TARGET = 10.10;
				PRODUCT_NAME = "$(TARGET_NAME)";
				SDKROOT = macosx;
			};
			name = Release;
		};
/* End XCBuildConfiguration section */

/* Begin XCConfigurationList section */
		A81D0F3619FEB1C8003E2B28 /* Build configuration list for PBXProject "FlyFishJournal" */ = {
			isa = XCConfigurationList;
			buildConfigurations = (
				A81D0F5D19FEB1C8003E2B28 /* Debug */,
				A81D0F5E19FEB1C8003E2B28 /* Release */,
			);
			defaultConfigurationIsVisible = 0;
			defaultConfigurationName = Release;
		};
		A81D0F5F19FEB1C8003E2B28 /* Build configuration list for PBXNativeTarget "FlyFishJournal" */ = {
			isa = XCConfigurationList;
			buildConfigurations = (
				A81D0F6019FEB1C8003E2B28 /* Debug */,
				A81D0F6119FEB1C8003E2B28 /* Release */,
			);
			defaultConfigurationIsVisible = 0;
			defaultConfigurationName = Release;
		};
		A81D0F6219FEB1C8003E2B28 /* Build configuration list for PBXNativeTarget "FlyFishJournalTests" */ = {
			isa = XCConfigurationList;
			buildConfigurations = (
				A81D0F6319FEB1C8003E2B28 /* Debug */,
				A81D0F6419FEB1C8003E2B28 /* Release */,
			);
			defaultConfigurationIsVisible = 0;
			defaultConfigurationName = Release;
		};
		A8D50C1B1A0ED7B5005D7E2E /* Build configuration list for PBXNativeTarget "populateDB" */ = {
			isa = XCConfigurationList;
			buildConfigurations = (
				A8D50C191A0ED7B5005D7E2E /* Debug */,
				A8D50C1A1A0ED7B5005D7E2E /* Release */,
			);
			defaultConfigurationIsVisible = 0;
		};
/* End XCConfigurationList section */

/* Begin XCVersionGroup section */
		A81D0F4219FEB1C8003E2B28 /* FlyFishJournal.xcdatamodeld */ = {
			isa = XCVersionGroup;
			children = (
				A81D0F6E19FF53D1003E2B28 /* FlyFishJournalv2.xcdatamodel */,
				A81D0F4319FEB1C8003E2B28 /* FlyFishJournal.xcdatamodel */,
			);
			currentVersion = A81D0F6E19FF53D1003E2B28 /* FlyFishJournalv2.xcdatamodel */;
			path = FlyFishJournal.xcdatamodeld;
			sourceTree = "<group>";
			versionGroupType = wrapper.xcdatamodel;
		};
/* End XCVersionGroup section */
	};
	rootObject = A81D0F3319FEB1C8003E2B28 /* Project object */;
}
